
Microsoft Visual Studio Solution File, Format Version 12.00
# Visual Studio Version 17
VisualStudioVersion = 17.4.33103.184
MinimumVisualStudioVersion = 10.0.40219.1
Project("{FAE04EC0-301F-11D3-BF4B-00C04F79EFBC}") = "HW5.3", "HW5.3\HW5.3.csproj", "{9FFE0AB5-378B-4543-9ACA-63350CA3B9A7}"
EndProject
Global
	GlobalSection(SolutionConfigurationPlatforms) = preSolution
		Debug|Any CPU = Debug|Any CPU
		Release|Any CPU = Release|Any CPU
	EndGlobalSection
	GlobalSection(ProjectConfigurationPlatforms) = postSolution
		{9FFE0AB5-378B-4543-9ACA-63350CA3B9A7}.Debug|Any CPU.ActiveCfg = Debug|Any CPU
		{9FFE0AB5-378B-4543-9ACA-63350CA3B9A7}.Debug|Any CPU.Build.0 = Debug|Any CPU
		{9FFE0AB5-378B-4543-9ACA-63350CA3B9A7}.Release|Any CPU.ActiveCfg = Release|Any CPU
		{9FFE0AB5-378B-4543-9ACA-63350CA3B9A7}.Release|Any CPU.Build.0 = Release|Any CPU
	EndGlobalSection
	GlobalSection(SolutionProperties) = preSolution
		HideSolutionNode = FALSE
	EndGlobalSection
	GlobalSection(ExtensibilityGlobals) = postSolution
		SolutionGuid = {AB4C87D1-EE00-4C84-BB38-FDB4B8D2C3CD}
	EndGlobalSection
EndGlobal
